// !$*UTF8*$!
{
	archiveVersion = 1;
	classes = {
	};
	objectVersion = 55;
	objects = {

/* Begin PBXBuildFile section */
		C60D953FFEA5FB07A15514A1 /* Pods_ChallengeCeibaiOS.framework in Frameworks */ = {isa = PBXBuildFile; fileRef = 599D6B011646E43C363C24E5 /* Pods_ChallengeCeibaiOS.framework */; };
		EE9C2EC228B98C1000FB063F /* ListAppUsersViewController.swift in Sources */ = {isa = PBXBuildFile; fileRef = EE9C2EC128B98C1000FB063F /* ListAppUsersViewController.swift */; };
		EE9C2EC528B98E9600FB063F /* APICeiba.swift in Sources */ = {isa = PBXBuildFile; fileRef = EE9C2EC428B98E9600FB063F /* APICeiba.swift */; };
		EE9C2EC928B9922700FB063F /* APIsEndPoint.swift in Sources */ = {isa = PBXBuildFile; fileRef = EE9C2EC828B9922700FB063F /* APIsEndPoint.swift */; };
		EE9C2ECB28B993D000FB063F /* CustomView.swift in Sources */ = {isa = PBXBuildFile; fileRef = EE9C2ECA28B993D000FB063F /* CustomView.swift */; };
		EE9C2ECE28B995F300FB063F /* UsersCells.swift in Sources */ = {isa = PBXBuildFile; fileRef = EE9C2ECD28B995F300FB063F /* UsersCells.swift */; };
		EE9C2ED028B995FA00FB063F /* UsersCells.xib in Resources */ = {isa = PBXBuildFile; fileRef = EE9C2ECF28B995FA00FB063F /* UsersCells.xib */; };
		EE9C2ED328B9965F00FB063F /* UserInventoryModel.swift in Sources */ = {isa = PBXBuildFile; fileRef = EE9C2ED228B9965F00FB063F /* UserInventoryModel.swift */; };
		EE9C2ED528B9967800FB063F /* LocationDetailsModel.swift in Sources */ = {isa = PBXBuildFile; fileRef = EE9C2ED428B9967800FB063F /* LocationDetailsModel.swift */; };
		EE9C2ED728B9968B00FB063F /* CompanyPropertiesModel.swift in Sources */ = {isa = PBXBuildFile; fileRef = EE9C2ED628B9968B00FB063F /* CompanyPropertiesModel.swift */; };
		EE9C2EDA28B996E400FB063F /* ListAppUsersService.swift in Sources */ = {isa = PBXBuildFile; fileRef = EE9C2ED928B996E400FB063F /* ListAppUsersService.swift */; };
		EE9C2EDC28B9E7D500FB063F /* DetailLocationModel.swift in Sources */ = {isa = PBXBuildFile; fileRef = EE9C2EDB28B9E7D500FB063F /* DetailLocationModel.swift */; };
		EE9C2EDE28BA7EEC00FB063F /* BaseViewController.swift in Sources */ = {isa = PBXBuildFile; fileRef = EE9C2EDD28BA7EEC00FB063F /* BaseViewController.swift */; };
		EEA701B928BAA24A00688C2E /* UserPublicationsListViewController.swift in Sources */ = {isa = PBXBuildFile; fileRef = EEA701B828BAA24A00688C2E /* UserPublicationsListViewController.swift */; };
		EEA701BB28BAA2B300688C2E /* UserPublicationCells.swift in Sources */ = {isa = PBXBuildFile; fileRef = EEA701BA28BAA2B300688C2E /* UserPublicationCells.swift */; };
		EEA701BD28BAA35000688C2E /* PublicationUserModel.swift in Sources */ = {isa = PBXBuildFile; fileRef = EEA701BC28BAA35000688C2E /* PublicationUserModel.swift */; };
		EEA701C128BAA4F700688C2E /* UserPublicationCells.xib in Resources */ = {isa = PBXBuildFile; fileRef = EEA701C028BAA4F700688C2E /* UserPublicationCells.xib */; };
		EEA701C328BACCEA00688C2E /* CardViewButton.swift in Sources */ = {isa = PBXBuildFile; fileRef = EEA701C228BACCEA00688C2E /* CardViewButton.swift */; };
		EEA701C628BACD2600688C2E /* XioButtonView.swift in Sources */ = {isa = PBXBuildFile; fileRef = EEA701C528BACD2600688C2E /* XioButtonView.swift */; };
		EEA701C828BACD3400688C2E /* XioButtonView.xib in Resources */ = {isa = PBXBuildFile; fileRef = EEA701C728BACD3400688C2E /* XioButtonView.xib */; };
		EEA701CB28BACDC400688C2E /* Extensions.swift in Sources */ = {isa = PBXBuildFile; fileRef = EEA701CA28BACDC400688C2E /* Extensions.swift */; };
		EEE875D528B8371300DC1742 /* AppDelegate.swift in Sources */ = {isa = PBXBuildFile; fileRef = EEE875D428B8371300DC1742 /* AppDelegate.swift */; };
		EEE875D728B8371300DC1742 /* SceneDelegate.swift in Sources */ = {isa = PBXBuildFile; fileRef = EEE875D628B8371300DC1742 /* SceneDelegate.swift */; };
		EEE875DC28B8371300DC1742 /* Main.storyboard in Resources */ = {isa = PBXBuildFile; fileRef = EEE875DA28B8371300DC1742 /* Main.storyboard */; };
		EEE875DE28B8371400DC1742 /* Assets.xcassets in Resources */ = {isa = PBXBuildFile; fileRef = EEE875DD28B8371400DC1742 /* Assets.xcassets */; };
		EEE875E128B8371400DC1742 /* LaunchScreen.storyboard in Resources */ = {isa = PBXBuildFile; fileRef = EEE875DF28B8371400DC1742 /* LaunchScreen.storyboard */; };
		EEE875EB28B8485D00DC1742 /* LoadingViewXio.swift in Sources */ = {isa = PBXBuildFile; fileRef = EEE875EA28B8485D00DC1742 /* LoadingViewXio.swift */; };
		EEE875ED28B8486C00DC1742 /* LoadingViewXio.xib in Resources */ = {isa = PBXBuildFile; fileRef = EEE875EC28B8486C00DC1742 /* LoadingViewXio.xib */; };
/* End PBXBuildFile section */

/* Begin PBXFileReference section */
		599D6B011646E43C363C24E5 /* Pods_ChallengeCeibaiOS.framework */ = {isa = PBXFileReference; explicitFileType = wrapper.framework; includeInIndex = 0; path = Pods_ChallengeCeibaiOS.framework; sourceTree = BUILT_PRODUCTS_DIR; };
		9AE0ADD4CF54D590ACA9A8CF /* Pods-ChallengeCeibaiOS.debug.xcconfig */ = {isa = PBXFileReference; includeInIndex = 1; lastKnownFileType = text.xcconfig; name = "Pods-ChallengeCeibaiOS.debug.xcconfig"; path = "Target Support Files/Pods-ChallengeCeibaiOS/Pods-ChallengeCeibaiOS.debug.xcconfig"; sourceTree = "<group>"; };
		CF30C216219321304D77317C /* Pods-ChallengeCeibaiOS.release.xcconfig */ = {isa = PBXFileReference; includeInIndex = 1; lastKnownFileType = text.xcconfig; name = "Pods-ChallengeCeibaiOS.release.xcconfig"; path = "Target Support Files/Pods-ChallengeCeibaiOS/Pods-ChallengeCeibaiOS.release.xcconfig"; sourceTree = "<group>"; };
		EE9C2EC128B98C1000FB063F /* ListAppUsersViewController.swift */ = {isa = PBXFileReference; lastKnownFileType = sourcecode.swift; path = ListAppUsersViewController.swift; sourceTree = "<group>"; };
		EE9C2EC428B98E9600FB063F /* APICeiba.swift */ = {isa = PBXFileReference; lastKnownFileType = sourcecode.swift; path = APICeiba.swift; sourceTree = "<group>"; };
		EE9C2EC828B9922700FB063F /* APIsEndPoint.swift */ = {isa = PBXFileReference; lastKnownFileType = sourcecode.swift; path = APIsEndPoint.swift; sourceTree = "<group>"; };
		EE9C2ECA28B993D000FB063F /* CustomView.swift */ = {isa = PBXFileReference; lastKnownFileType = sourcecode.swift; path = CustomView.swift; sourceTree = "<group>"; };
		EE9C2ECD28B995F300FB063F /* UsersCells.swift */ = {isa = PBXFileReference; lastKnownFileType = sourcecode.swift; path = UsersCells.swift; sourceTree = "<group>"; };
		EE9C2ECF28B995FA00FB063F /* UsersCells.xib */ = {isa = PBXFileReference; lastKnownFileType = file.xib; path = UsersCells.xib; sourceTree = "<group>"; };
		EE9C2ED228B9965F00FB063F /* UserInventoryModel.swift */ = {isa = PBXFileReference; lastKnownFileType = sourcecode.swift; path = UserInventoryModel.swift; sourceTree = "<group>"; };
		EE9C2ED428B9967800FB063F /* LocationDetailsModel.swift */ = {isa = PBXFileReference; lastKnownFileType = sourcecode.swift; path = LocationDetailsModel.swift; sourceTree = "<group>"; };
		EE9C2ED628B9968B00FB063F /* CompanyPropertiesModel.swift */ = {isa = PBXFileReference; lastKnownFileType = sourcecode.swift; path = CompanyPropertiesModel.swift; sourceTree = "<group>"; };
		EE9C2ED928B996E400FB063F /* ListAppUsersService.swift */ = {isa = PBXFileReference; lastKnownFileType = sourcecode.swift; path = ListAppUsersService.swift; sourceTree = "<group>"; };
		EE9C2EDB28B9E7D500FB063F /* DetailLocationModel.swift */ = {isa = PBXFileReference; lastKnownFileType = sourcecode.swift; path = DetailLocationModel.swift; sourceTree = "<group>"; };
		EE9C2EDD28BA7EEC00FB063F /* BaseViewController.swift */ = {isa = PBXFileReference; lastKnownFileType = sourcecode.swift; path = BaseViewController.swift; sourceTree = "<group>"; };
		EEA701B828BAA24A00688C2E /* UserPublicationsListViewController.swift */ = {isa = PBXFileReference; lastKnownFileType = sourcecode.swift; path = UserPublicationsListViewController.swift; sourceTree = "<group>"; };
		EEA701BA28BAA2B300688C2E /* UserPublicationCells.swift */ = {isa = PBXFileReference; lastKnownFileType = sourcecode.swift; path = UserPublicationCells.swift; sourceTree = "<group>"; };
		EEA701BC28BAA35000688C2E /* PublicationUserModel.swift */ = {isa = PBXFileReference; lastKnownFileType = sourcecode.swift; path = PublicationUserModel.swift; sourceTree = "<group>"; };
		EEA701C028BAA4F700688C2E /* UserPublicationCells.xib */ = {isa = PBXFileReference; lastKnownFileType = file.xib; path = UserPublicationCells.xib; sourceTree = "<group>"; };
		EEA701C228BACCEA00688C2E /* CardViewButton.swift */ = {isa = PBXFileReference; lastKnownFileType = sourcecode.swift; path = CardViewButton.swift; sourceTree = "<group>"; };
		EEA701C528BACD2600688C2E /* XioButtonView.swift */ = {isa = PBXFileReference; lastKnownFileType = sourcecode.swift; path = XioButtonView.swift; sourceTree = "<group>"; };
		EEA701C728BACD3400688C2E /* XioButtonView.xib */ = {isa = PBXFileReference; lastKnownFileType = file.xib; path = XioButtonView.xib; sourceTree = "<group>"; };
		EEA701CA28BACDC400688C2E /* Extensions.swift */ = {isa = PBXFileReference; lastKnownFileType = sourcecode.swift; path = Extensions.swift; sourceTree = "<group>"; };
		EEE875D128B8371300DC1742 /* ChallengeCeibaiOS.app */ = {isa = PBXFileReference; explicitFileType = wrapper.application; includeInIndex = 0; path = ChallengeCeibaiOS.app; sourceTree = BUILT_PRODUCTS_DIR; };
		EEE875D428B8371300DC1742 /* AppDelegate.swift */ = {isa = PBXFileReference; lastKnownFileType = sourcecode.swift; path = AppDelegate.swift; sourceTree = "<group>"; };
		EEE875D628B8371300DC1742 /* SceneDelegate.swift */ = {isa = PBXFileReference; lastKnownFileType = sourcecode.swift; path = SceneDelegate.swift; sourceTree = "<group>"; };
		EEE875DB28B8371300DC1742 /* Base */ = {isa = PBXFileReference; lastKnownFileType = file.storyboard; name = Base; path = Base.lproj/Main.storyboard; sourceTree = "<group>"; };
		EEE875DD28B8371400DC1742 /* Assets.xcassets */ = {isa = PBXFileReference; lastKnownFileType = folder.assetcatalog; path = Assets.xcassets; sourceTree = "<group>"; };
		EEE875E028B8371400DC1742 /* Base */ = {isa = PBXFileReference; lastKnownFileType = file.storyboard; name = Base; path = Base.lproj/LaunchScreen.storyboard; sourceTree = "<group>"; };
		EEE875E228B8371400DC1742 /* Info.plist */ = {isa = PBXFileReference; lastKnownFileType = text.plist.xml; path = Info.plist; sourceTree = "<group>"; };
		EEE875EA28B8485D00DC1742 /* LoadingViewXio.swift */ = {isa = PBXFileReference; lastKnownFileType = sourcecode.swift; path = LoadingViewXio.swift; sourceTree = "<group>"; };
		EEE875EC28B8486C00DC1742 /* LoadingViewXio.xib */ = {isa = PBXFileReference; lastKnownFileType = file.xib; path = LoadingViewXio.xib; sourceTree = "<group>"; };
/* End PBXFileReference section */

/* Begin PBXFrameworksBuildPhase section */
		EEE875CE28B8371300DC1742 /* Frameworks */ = {
			isa = PBXFrameworksBuildPhase;
			buildActionMask = 2147483647;
			files = (
				C60D953FFEA5FB07A15514A1 /* Pods_ChallengeCeibaiOS.framework in Frameworks */,
			);
			runOnlyForDeploymentPostprocessing = 0;
		};
/* End PBXFrameworksBuildPhase section */

/* Begin PBXGroup section */
		6048FF1DAAACA191C561D73B /* Pods */ = {
			isa = PBXGroup;
			children = (
				9AE0ADD4CF54D590ACA9A8CF /* Pods-ChallengeCeibaiOS.debug.xcconfig */,
				CF30C216219321304D77317C /* Pods-ChallengeCeibaiOS.release.xcconfig */,
			);
			path = Pods;
			sourceTree = "<group>";
		};
		D2DE66C5D34B98BB45D60634 /* Frameworks */ = {
			isa = PBXGroup;
			children = (
				599D6B011646E43C363C24E5 /* Pods_ChallengeCeibaiOS.framework */,
			);
			name = Frameworks;
			sourceTree = "<group>";
		};
		EE9B7DDF28B9891C00CFF601 /* Presenter */ = {
			isa = PBXGroup;
			children = (
				EE9C2EDD28BA7EEC00FB063F /* BaseViewController.swift */,
				EE9C2EDF28BA814300FB063F /* Publication Details */,
				EE9B7DE028B9893E00CFF601 /* ListAppUsers */,
			);
			path = Presenter;
			sourceTree = "<group>";
		};
		EE9B7DE028B9893E00CFF601 /* ListAppUsers */ = {
			isa = PBXGroup;
			children = (
				EE9C2ED828B996D900FB063F /* Service */,
				EE9C2ED128B9965100FB063F /* Model */,
				EE9C2ECC28B995E600FB063F /* Cell */,
				EE9C2EE028BA820700FB063F /* Controller */,
			);
			path = ListAppUsers;
			sourceTree = "<group>";
		};
		EE9C2EC328B98E7000FB063F /* API */ = {
			isa = PBXGroup;
			children = (
				EE9C2EC428B98E9600FB063F /* APICeiba.swift */,
				EE9C2EC828B9922700FB063F /* APIsEndPoint.swift */,
			);
			path = API;
			sourceTree = "<group>";
		};
		EE9C2ECC28B995E600FB063F /* Cell */ = {
			isa = PBXGroup;
			children = (
				EE9C2ECD28B995F300FB063F /* UsersCells.swift */,
				EE9C2ECF28B995FA00FB063F /* UsersCells.xib */,
			);
			path = Cell;
			sourceTree = "<group>";
		};
		EE9C2ED128B9965100FB063F /* Model */ = {
			isa = PBXGroup;
			children = (
				EE9C2ED228B9965F00FB063F /* UserInventoryModel.swift */,
				EE9C2ED428B9967800FB063F /* LocationDetailsModel.swift */,
				EE9C2ED628B9968B00FB063F /* CompanyPropertiesModel.swift */,
				EE9C2EDB28B9E7D500FB063F /* DetailLocationModel.swift */,
			);
			path = Model;
			sourceTree = "<group>";
		};
		EE9C2ED828B996D900FB063F /* Service */ = {
			isa = PBXGroup;
			children = (
				EE9C2ED928B996E400FB063F /* ListAppUsersService.swift */,
			);
			path = Service;
			sourceTree = "<group>";
		};
		EE9C2EDF28BA814300FB063F /* Publication Details */ = {
			isa = PBXGroup;
			children = (
				EE9C2EE328BA828D00FB063F /* PublicationsModel */,
				EE9C2EE228BA828900FB063F /* PublicationCells */,
				EE9C2EE128BA827D00FB063F /* Controller */,
			);
			path = "Publication Details";
			sourceTree = "<group>";
		};
		EE9C2EE028BA820700FB063F /* Controller */ = {
			isa = PBXGroup;
			children = (
				EE9C2EC128B98C1000FB063F /* ListAppUsersViewController.swift */,
			);
			path = Controller;
			sourceTree = "<group>";
		};
		EE9C2EE128BA827D00FB063F /* Controller */ = {
			isa = PBXGroup;
			children = (
				EEA701B828BAA24A00688C2E /* UserPublicationsListViewController.swift */,
			);
			path = Controller;
			sourceTree = "<group>";
		};
		EE9C2EE228BA828900FB063F /* PublicationCells */ = {
			isa = PBXGroup;
			children = (
				EEA701BA28BAA2B300688C2E /* UserPublicationCells.swift */,
				EEA701C028BAA4F700688C2E /* UserPublicationCells.xib */,
			);
			path = PublicationCells;
			sourceTree = "<group>";
		};
		EE9C2EE328BA828D00FB063F /* PublicationsModel */ = {
			isa = PBXGroup;
			children = (
				EEA701BC28BAA35000688C2E /* PublicationUserModel.swift */,
			);
			path = PublicationsModel;
			sourceTree = "<group>";
		};
		EEA701C428BACD0300688C2E /* XioButtonView */ = {
			isa = PBXGroup;
			children = (
				EEA701C528BACD2600688C2E /* XioButtonView.swift */,
				EEA701C728BACD3400688C2E /* XioButtonView.xib */,
			);
			path = XioButtonView;
			sourceTree = "<group>";
		};
		EEE875C828B8371300DC1742 = {
			isa = PBXGroup;
			children = (
				EEE875D328B8371300DC1742 /* ChallengeCeibaiOS */,
				EEE875D228B8371300DC1742 /* Products */,
				6048FF1DAAACA191C561D73B /* Pods */,
				D2DE66C5D34B98BB45D60634 /* Frameworks */,
			);
			sourceTree = "<group>";
		};
		EEE875D228B8371300DC1742 /* Products */ = {
			isa = PBXGroup;
			children = (
				EEE875D128B8371300DC1742 /* ChallengeCeibaiOS.app */,
			);
			name = Products;
			sourceTree = "<group>";
		};
		EEE875D328B8371300DC1742 /* ChallengeCeibaiOS */ = {
			isa = PBXGroup;
			children = (
				EEE875E828B8482500DC1742 /* CustomView */,
				EE9C2EC328B98E7000FB063F /* API */,
				EE9B7DDF28B9891C00CFF601 /* Presenter */,
				EEE875D428B8371300DC1742 /* AppDelegate.swift */,
				EEE875D628B8371300DC1742 /* SceneDelegate.swift */,
				EEE875DA28B8371300DC1742 /* Main.storyboard */,
				EEE875DD28B8371400DC1742 /* Assets.xcassets */,
				EEE875DF28B8371400DC1742 /* LaunchScreen.storyboard */,
				EEE875E228B8371400DC1742 /* Info.plist */,
			);
			path = ChallengeCeibaiOS;
			sourceTree = "<group>";
		};
		EEE875E828B8482500DC1742 /* CustomView */ = {
			isa = PBXGroup;
			children = (
				EEA701C228BACCEA00688C2E /* CardViewButton.swift */,
				EE9C2ECA28B993D000FB063F /* CustomView.swift */,
				EEA701C428BACD0300688C2E /* XioButtonView */,
				EEE875E928B8483200DC1742 /* LoadingXio */,
				EEA701CA28BACDC400688C2E /* Extensions.swift */,
			);
			path = CustomView;
			sourceTree = "<group>";
		};
		EEE875E928B8483200DC1742 /* LoadingXio */ = {
			isa = PBXGroup;
			children = (
				EEE875EA28B8485D00DC1742 /* LoadingViewXio.swift */,
				EEE875EC28B8486C00DC1742 /* LoadingViewXio.xib */,
			);
			path = LoadingXio;
			sourceTree = "<group>";
		};
/* End PBXGroup section */

/* Begin PBXNativeTarget section */
		EEE875D028B8371300DC1742 /* ChallengeCeibaiOS */ = {
			isa = PBXNativeTarget;
			buildConfigurationList = EEE875E528B8371400DC1742 /* Build configuration list for PBXNativeTarget "ChallengeCeibaiOS" */;
			buildPhases = (
				35D07F3FD1E85204ED8B3C9A /* [CP] Check Pods Manifest.lock */,
				EEE875CD28B8371300DC1742 /* Sources */,
				EEE875CE28B8371300DC1742 /* Frameworks */,
				EEE875CF28B8371300DC1742 /* Resources */,
				30729E07815D8E6338539043 /* [CP] Embed Pods Frameworks */,
			);
			buildRules = (
			);
			dependencies = (
			);
			name = ChallengeCeibaiOS;
			productName = ChallengeCeibaiOS;
			productReference = EEE875D128B8371300DC1742 /* ChallengeCeibaiOS.app */;
			productType = "com.apple.product-type.application";
		};
/* End PBXNativeTarget section */

/* Begin PBXProject section */
		EEE875C928B8371300DC1742 /* Project object */ = {
			isa = PBXProject;
			attributes = {
				BuildIndependentTargetsInParallel = 1;
				LastSwiftUpdateCheck = 1340;
				LastUpgradeCheck = 1340;
				TargetAttributes = {
					EEE875D028B8371300DC1742 = {
						CreatedOnToolsVersion = 13.4.1;
					};
				};
			};
			buildConfigurationList = EEE875CC28B8371300DC1742 /* Build configuration list for PBXProject "ChallengeCeibaiOS" */;
			compatibilityVersion = "Xcode 13.0";
			developmentRegion = en;
			hasScannedForEncodings = 0;
			knownRegions = (
				en,
				Base,
			);
			mainGroup = EEE875C828B8371300DC1742;
			productRefGroup = EEE875D228B8371300DC1742 /* Products */;
			projectDirPath = "";
			projectRoot = "";
			targets = (
				EEE875D028B8371300DC1742 /* ChallengeCeibaiOS */,
			);
		};
/* End PBXProject section */

/* Begin PBXResourcesBuildPhase section */
		EEE875CF28B8371300DC1742 /* Resources */ = {
			isa = PBXResourcesBuildPhase;
			buildActionMask = 2147483647;
			files = (
				EE9C2ED028B995FA00FB063F /* UsersCells.xib in Resources */,
				EEE875ED28B8486C00DC1742 /* LoadingViewXio.xib in Resources */,
				EEE875E128B8371400DC1742 /* LaunchScreen.storyboard in Resources */,
				EEE875DE28B8371400DC1742 /* Assets.xcassets in Resources */,
				EEE875DC28B8371300DC1742 /* Main.storyboard in Resources */,
				EEA701C128BAA4F700688C2E /* UserPublicationCells.xib in Resources */,
				EEA701C828BACD3400688C2E /* XioButtonView.xib in Resources */,
			);
			runOnlyForDeploymentPostprocessing = 0;
		};
/* End PBXResourcesBuildPhase section */

/* Begin PBXShellScriptBuildPhase section */
		30729E07815D8E6338539043 /* [CP] Embed Pods Frameworks */ = {
			isa = PBXShellScriptBuildPhase;
			buildActionMask = 2147483647;
			files = (
			);
			inputFileListPaths = (
				"${PODS_ROOT}/Target Support Files/Pods-ChallengeCeibaiOS/Pods-ChallengeCeibaiOS-frameworks-${CONFIGURATION}-input-files.xcfilelist",
			);
			name = "[CP] Embed Pods Frameworks";
			outputFileListPaths = (
				"${PODS_ROOT}/Target Support Files/Pods-ChallengeCeibaiOS/Pods-ChallengeCeibaiOS-frameworks-${CONFIGURATION}-output-files.xcfilelist",
			);
			runOnlyForDeploymentPostprocessing = 0;
			shellPath = /bin/sh;
			shellScript = "\"${PODS_ROOT}/Target Support Files/Pods-ChallengeCeibaiOS/Pods-ChallengeCeibaiOS-frameworks.sh\"\n";
			showEnvVarsInLog = 0;
		};
		35D07F3FD1E85204ED8B3C9A /* [CP] Check Pods Manifest.lock */ = {
			isa = PBXShellScriptBuildPhase;
			buildActionMask = 2147483647;
			files = (
			);
			inputFileListPaths = (
			);
			inputPaths = (
				"${PODS_PODFILE_DIR_PATH}/Podfile.lock",
				"${PODS_ROOT}/Manifest.lock",
			);
			name = "[CP] Check Pods Manifest.lock";
			outputFileListPaths = (
			);
			outputPaths = (
				"$(DERIVED_FILE_DIR)/Pods-ChallengeCeibaiOS-checkManifestLockResult.txt",
			);
			runOnlyForDeploymentPostprocessing = 0;
			shellPath = /bin/sh;
			shellScript = "diff \"${PODS_PODFILE_DIR_PATH}/Podfile.lock\" \"${PODS_ROOT}/Manifest.lock\" > /dev/null\nif [ $? != 0 ] ; then\n    # print error to STDERR\n    echo \"error: The sandbox is not in sync with the Podfile.lock. Run 'pod install' or update your CocoaPods installation.\" >&2\n    exit 1\nfi\n# This output is used by Xcode 'outputs' to avoid re-running this script phase.\necho \"SUCCESS\" > \"${SCRIPT_OUTPUT_FILE_0}\"\n";
			showEnvVarsInLog = 0;
		};
/* End PBXShellScriptBuildPhase section */

/* Begin PBXSourcesBuildPhase section */
		EEE875CD28B8371300DC1742 /* Sources */ = {
			isa = PBXSourcesBuildPhase;
			buildActionMask = 2147483647;
			files = (
				EE9C2EDC28B9E7D500FB063F /* DetailLocationModel.swift in Sources */,
				EEA701BB28BAA2B300688C2E /* UserPublicationCells.swift in Sources */,
				EEE875EB28B8485D00DC1742 /* LoadingViewXio.swift in Sources */,
				EE9C2ED728B9968B00FB063F /* CompanyPropertiesModel.swift in Sources */,
				EEA701B928BAA24A00688C2E /* UserPublicationsListViewController.swift in Sources */,
				EEE875D528B8371300DC1742 /* AppDelegate.swift in Sources */,
				EE9C2EC528B98E9600FB063F /* APICeiba.swift in Sources */,
				EE9C2EDE28BA7EEC00FB063F /* BaseViewController.swift in Sources */,
				EEA701C628BACD2600688C2E /* XioButtonView.swift in Sources */,
				EE9C2EDA28B996E400FB063F /* ListAppUsersService.swift in Sources */,
				EE9C2ECB28B993D000FB063F /* CustomView.swift in Sources */,
				EE9C2ED528B9967800FB063F /* LocationDetailsModel.swift in Sources */,
				EE9C2ECE28B995F300FB063F /* UsersCells.swift in Sources */,
				EE9C2ED328B9965F00FB063F /* UserInventoryModel.swift in Sources */,
				EE9C2EC928B9922700FB063F /* APIsEndPoint.swift in Sources */,
				EEA701CB28BACDC400688C2E /* Extensions.swift in Sources */,
				EEA701C328BACCEA00688C2E /* CardViewButton.swift in Sources */,
				EEE875D728B8371300DC1742 /* SceneDelegate.swift in Sources */,
				EE9C2EC228B98C1000FB063F /* ListAppUsersViewController.swift in Sources */,
				EEA701BD28BAA35000688C2E /* PublicationUserModel.swift in Sources */,
			);
			runOnlyForDeploymentPostprocessing = 0;
		};
/* End PBXSourcesBuildPhase section */

/* Begin PBXVariantGroup section */
		EEE875DA28B8371300DC1742 /* Main.storyboard */ = {
			isa = PBXVariantGroup;
			children = (
				EEE875DB28B8371300DC1742 /* Base */,
			);
			name = Main.storyboard;
			sourceTree = "<group>";
		};
		EEE875DF28B8371400DC1742 /* LaunchScreen.storyboard */ = {
			isa = PBXVariantGroup;
			children = (
				EEE875E028B8371400DC1742 /* Base */,
			);
			name = LaunchScreen.storyboard;
			sourceTree = "<group>";
		};
/* End PBXVariantGroup section */

/* Begin XCBuildConfiguration section */
		EEE875E328B8371400DC1742 /* Debug */ = {
			isa = XCBuildConfiguration;
			buildSettings = {
				ALWAYS_SEARCH_USER_PATHS = NO;
				CLANG_ANALYZER_NONNULL = YES;
				CLANG_ANALYZER_NUMBER_OBJECT_CONVERSION = YES_AGGRESSIVE;
				CLANG_CXX_LANGUAGE_STANDARD = "gnu++17";
				CLANG_ENABLE_MODULES = YES;
				CLANG_ENABLE_OBJC_ARC = YES;
				CLANG_ENABLE_OBJC_WEAK = YES;
				CLANG_WARN_BLOCK_CAPTURE_AUTORELEASING = YES;
				CLANG_WARN_BOOL_CONVERSION = YES;
				CLANG_WARN_COMMA = YES;
				CLANG_WARN_CONSTANT_CONVERSION = YES;
				CLANG_WARN_DEPRECATED_OBJC_IMPLEMENTATIONS = YES;
				CLANG_WARN_DIRECT_OBJC_ISA_USAGE = YES_ERROR;
				CLANG_WARN_DOCUMENTATION_COMMENTS = YES;
				CLANG_WARN_EMPTY_BODY = YES;
				CLANG_WARN_ENUM_CONVERSION = YES;
				CLANG_WARN_INFINITE_RECURSION = YES;
				CLANG_WARN_INT_CONVERSION = YES;
				CLANG_WARN_NON_LITERAL_NULL_CONVERSION = YES;
				CLANG_WARN_OBJC_IMPLICIT_RETAIN_SELF = YES;
				CLANG_WARN_OBJC_LITERAL_CONVERSION = YES;
				CLANG_WARN_OBJC_ROOT_CLASS = YES_ERROR;
				CLANG_WARN_QUOTED_INCLUDE_IN_FRAMEWORK_HEADER = YES;
				CLANG_WARN_RANGE_LOOP_ANALYSIS = YES;
				CLANG_WARN_STRICT_PROTOTYPES = YES;
				CLANG_WARN_SUSPICIOUS_MOVE = YES;
				CLANG_WARN_UNGUARDED_AVAILABILITY = YES_AGGRESSIVE;
				CLANG_WARN_UNREACHABLE_CODE = YES;
				CLANG_WARN__DUPLICATE_METHOD_MATCH = YES;
				COPY_PHASE_STRIP = NO;
				DEBUG_INFORMATION_FORMAT = dwarf;
				ENABLE_STRICT_OBJC_MSGSEND = YES;
				ENABLE_TESTABILITY = YES;
				GCC_C_LANGUAGE_STANDARD = gnu11;
				GCC_DYNAMIC_NO_PIC = NO;
				GCC_NO_COMMON_BLOCKS = YES;
				GCC_OPTIMIZATION_LEVEL = 0;
				GCC_PREPROCESSOR_DEFINITIONS = (
					"DEBUG=1",
					"$(inherited)",
				);
				GCC_WARN_64_TO_32_BIT_CONVERSION = YES;
				GCC_WARN_ABOUT_RETURN_TYPE = YES_ERROR;
				GCC_WARN_UNDECLARED_SELECTOR = YES;
				GCC_WARN_UNINITIALIZED_AUTOS = YES_AGGRESSIVE;
				GCC_WARN_UNUSED_FUNCTION = YES;
				GCC_WARN_UNUSED_VARIABLE = YES;
				IPHONEOS_DEPLOYMENT_TARGET = 15.5;
				MTL_ENABLE_DEBUG_INFO = INCLUDE_SOURCE;
				MTL_FAST_MATH = YES;
				ONLY_ACTIVE_ARCH = YES;
				SDKROOT = iphoneos;
				SWIFT_ACTIVE_COMPILATION_CONDITIONS = DEBUG;
				SWIFT_OPTIMIZATION_LEVEL = "-Onone";
			};
			name = Debug;
		};
		EEE875E428B8371400DC1742 /* Release */ = {
			isa = XCBuildConfiguration;
			buildSettings = {
				ALWAYS_SEARCH_USER_PATHS = NO;
				CLANG_ANALYZER_NONNULL = YES;
				CLANG_ANALYZER_NUMBER_OBJECT_CONVERSION = YES_AGGRESSIVE;
				CLANG_CXX_LANGUAGE_STANDARD = "gnu++17";
				CLANG_ENABLE_MODULES = YES;
				CLANG_ENABLE_OBJC_ARC = YES;
				CLANG_ENABLE_OBJC_WEAK = YES;
				CLANG_WARN_BLOCK_CAPTURE_AUTORELEASING = YES;
				CLANG_WARN_BOOL_CONVERSION = YES;
				CLANG_WARN_COMMA = YES;
				CLANG_WARN_CONSTANT_CONVERSION = YES;
				CLANG_WARN_DEPRECATED_OBJC_IMPLEMENTATIONS = YES;
				CLANG_WARN_DIRECT_OBJC_ISA_USAGE = YES_ERROR;
				CLANG_WARN_DOCUMENTATION_COMMENTS = YES;
				CLANG_WARN_EMPTY_BODY = YES;
				CLANG_WARN_ENUM_CONVERSION = YES;
				CLANG_WARN_INFINITE_RECURSION = YES;
				CLANG_WARN_INT_CONVERSION = YES;
				CLANG_WARN_NON_LITERAL_NULL_CONVERSION = YES;
				CLANG_WARN_OBJC_IMPLICIT_RETAIN_SELF = YES;
				CLANG_WARN_OBJC_LITERAL_CONVERSION = YES;
				CLANG_WARN_OBJC_ROOT_CLASS = YES_ERROR;
				CLANG_WARN_QUOTED_INCLUDE_IN_FRAMEWORK_HEADER = YES;
				CLANG_WARN_RANGE_LOOP_ANALYSIS = YES;
				CLANG_WARN_STRICT_PROTOTYPES = YES;
				CLANG_WARN_SUSPICIOUS_MOVE = YES;
				CLANG_WARN_UNGUARDED_AVAILABILITY = YES_AGGRESSIVE;
				CLANG_WARN_UNREACHABLE_CODE = YES;
				CLANG_WARN__DUPLICATE_METHOD_MATCH = YES;
				COPY_PHASE_STRIP = NO;
				DEBUG_INFORMATION_FORMAT = "dwarf-with-dsym";
				ENABLE_NS_ASSERTIONS = NO;
				ENABLE_STRICT_OBJC_MSGSEND = YES;
				GCC_C_LANGUAGE_STANDARD = gnu11;
				GCC_NO_COMMON_BLOCKS = YES;
				GCC_WARN_64_TO_32_BIT_CONVERSION = YES;
				GCC_WARN_ABOUT_RETURN_TYPE = YES_ERROR;
				GCC_WARN_UNDECLARED_SELECTOR = YES;
				GCC_WARN_UNINITIALIZED_AUTOS = YES_AGGRESSIVE;
				GCC_WARN_UNUSED_FUNCTION = YES;
				GCC_WARN_UNUSED_VARIABLE = YES;
				IPHONEOS_DEPLOYMENT_TARGET = 15.5;
				MTL_ENABLE_DEBUG_INFO = NO;
				MTL_FAST_MATH = YES;
				SDKROOT = iphoneos;
				SWIFT_COMPILATION_MODE = wholemodule;
				SWIFT_OPTIMIZATION_LEVEL = "-O";
				VALIDATE_PRODUCT = YES;
			};
			name = Release;
		};
		EEE875E628B8371400DC1742 /* Debug */ = {
			isa = XCBuildConfiguration;
			baseConfigurationReference = 9AE0ADD4CF54D590ACA9A8CF /* Pods-ChallengeCeibaiOS.debug.xcconfig */;
			buildSettings = {
				ASSETCATALOG_COMPILER_APPICON_NAME = AppIcon;
				ASSETCATALOG_COMPILER_GLOBAL_ACCENT_COLOR_NAME = AccentColor;
				CODE_SIGN_STYLE = Automatic;
				CURRENT_PROJECT_VERSION = 1;
				DEVELOPMENT_TEAM = TBQHTC3WW7;
				GENERATE_INFOPLIST_FILE = YES;
				INFOPLIST_FILE = ChallengeCeibaiOS/Info.plist;
				INFOPLIST_KEY_UIApplicationSupportsIndirectInputEvents = YES;
				INFOPLIST_KEY_UILaunchStoryboardName = LaunchScreen;
				INFOPLIST_KEY_UIMainStoryboardFile = Main;
				INFOPLIST_KEY_UISupportedInterfaceOrientations_iPad = "UIInterfaceOrientationPortrait UIInterfaceOrientationPortraitUpsideDown UIInterfaceOrientationLandscapeLeft UIInterfaceOrientationLandscapeRight";
				INFOPLIST_KEY_UISupportedInterfaceOrientations_iPhone = "UIInterfaceOrientationPortrait UIInterfaceOrientationLandscapeLeft UIInterfaceOrientationLandscapeRight";
				LD_RUNPATH_SEARCH_PATHS = (
					"$(inherited)",
					"@executable_path/Frameworks",
				);
				MARKETING_VERSION = 1.0;
				PRODUCT_BUNDLE_IDENTIFIER = chungaxiomara.ChallengeCeibaiOS;
				PRODUCT_NAME = "$(TARGET_NAME)";
				SWIFT_EMIT_LOC_STRINGS = YES;
				SWIFT_VERSION = 5.0;
				TARGETED_DEVICE_FAMILY = "1,2";
			};
			name = Debug;
		};
		EEE875E728B8371400DC1742 /* Release */ = {
			isa = XCBuildConfiguration;
			baseConfigurationReference = CF30C216219321304D77317C /* Pods-ChallengeCeibaiOS.release.xcconfig */;
			buildSettings = {
				ASSETCATALOG_COMPILER_APPICON_NAME = AppIcon;
				ASSETCATALOG_COMPILER_GLOBAL_ACCENT_COLOR_NAME = AccentColor;
				CODE_SIGN_STYLE = Automatic;
				CURRENT_PROJECT_VERSION = 1;
				DEVELOPMENT_TEAM = TBQHTC3WW7;
				GENERATE_INFOPLIST_FILE = YES;
				INFOPLIST_FILE = ChallengeCeibaiOS/Info.plist;
				INFOPLIST_KEY_UIApplicationSupportsIndirectInputEvents = YES;
				INFOPLIST_KEY_UILaunchStoryboardName = LaunchScreen;
				INFOPLIST_KEY_UIMainStoryboardFile = Main;
				INFOPLIST_KEY_UISupportedInterfaceOrientations_iPad = "UIInterfaceOrientationPortrait UIInterfaceOrientationPortraitUpsideDown UIInterfaceOrientationLandscapeLeft UIInterfaceOrientationLandscapeRight";
				INFOPLIST_KEY_UISupportedInterfaceOrientations_iPhone = "UIInterfaceOrientationPortrait UIInterfaceOrientationLandscapeLeft UIInterfaceOrientationLandscapeRight";
				LD_RUNPATH_SEARCH_PATHS = (
					"$(inherited)",
					"@executable_path/Frameworks",
				);
				MARKETING_VERSION = 1.0;
				PRODUCT_BUNDLE_IDENTIFIER = chungaxiomara.ChallengeCeibaiOS;
				PRODUCT_NAME = "$(TARGET_NAME)";
				SWIFT_EMIT_LOC_STRINGS = YES;
				SWIFT_VERSION = 5.0;
				TARGETED_DEVICE_FAMILY = "1,2";
			};
			name = Release;
		};
/* End XCBuildConfiguration section */

/* Begin XCConfigurationList section */
		EEE875CC28B8371300DC1742 /* Build configuration list for PBXProject "ChallengeCeibaiOS" */ = {
			isa = XCConfigurationList;
			buildConfigurations = (
				EEE875E328B8371400DC1742 /* Debug */,
				EEE875E428B8371400DC1742 /* Release */,
			);
			defaultConfigurationIsVisible = 0;
			defaultConfigurationName = Release;
		};
		EEE875E528B8371400DC1742 /* Build configuration list for PBXNativeTarget "ChallengeCeibaiOS" */ = {
			isa = XCConfigurationList;
			buildConfigurations = (
				EEE875E628B8371400DC1742 /* Debug */,
				EEE875E728B8371400DC1742 /* Release */,
			);
			defaultConfigurationIsVisible = 0;
			defaultConfigurationName = Release;
		};
/* End XCConfigurationList section */
	};
	rootObject = EEE875C928B8371300DC1742 /* Project object */;
}
